{
  "name": "i4040-pi-digits",
  "version": "1.0.0",
  "lockfileVersion": 2,
  "requires": true,
  "packages": {
    "": {
      "name": "i4040-pi-digits",
      "version": "1.0.0",
      "license": "MIT",
      "dependencies": {
        "i40xx-asm": "^1.0.3",
        "i40xx-emu": "github:markablov/i40xx-emu"
      }
    },
    "node_modules/@chevrotain/cst-dts-gen": {
      "version": "10.4.2",
      "resolved": "https://registry.npmjs.org/@chevrotain/cst-dts-gen/-/cst-dts-gen-10.4.2.tgz",
      "integrity": "sha512-0+4bNjlndNWMoVLH/+y4uHnf6GrTipsC+YTppJxelVJo+xeRVQ0s2PpkdDCVTsu7efyj+8r1gFiwVXsp6JZ0iQ==",
      "dependencies": {
        "@chevrotain/gast": "10.4.2",
        "@chevrotain/types": "10.4.2",
        "lodash": "4.17.21"
      }
    },
    "node_modules/@chevrotain/gast": {
      "version": "10.4.2",
      "resolved": "https://registry.npmjs.org/@chevrotain/gast/-/gast-10.4.2.tgz",
      "integrity": "sha512-4ZAn8/mjkmYonilSJ60gGj1tAF0cVWYUMlIGA0e4ATAc3a648aCnvpBw7zlPHDQjFp50XC13iyWEgWAKiRKTOA==",
      "dependencies": {
        "@chevrotain/types": "10.4.2",
        "lodash": "4.17.21"
      }
    },
    "node_modules/@chevrotain/types": {
      "version": "10.4.2",
      "resolved": "https://registry.npmjs.org/@chevrotain/types/-/types-10.4.2.tgz",
      "integrity": "sha512-QzSCjg6G4MvIoLeIgOiMR0IgzkGEQqrNJJIr3T5ETRa7l4Av4AMIiEctV99mvDr57iXwwk0/kr3RJxiU36Nevw=="
    },
    "node_modules/@chevrotain/utils": {
      "version": "10.4.2",
      "resolved": "https://registry.npmjs.org/@chevrotain/utils/-/utils-10.4.2.tgz",
      "integrity": "sha512-V34dacxWLwKcvcy32dx96ADJVdB7kOJLm7LyBkBQw5u5HC9WdEFw2G17zml+U3ivavGTrGPJHl8o9/UJm0PlUw=="
    },
    "node_modules/chevrotain": {
      "version": "10.4.2",
      "resolved": "https://registry.npmjs.org/chevrotain/-/chevrotain-10.4.2.tgz",
      "integrity": "sha512-gzF5GxE0Ckti5kZVuKEZycLntB5X2aj9RVY0r4/220GwQjdnljU+/t3kP74/FMWC7IzCDDEjQ9wsFUf0WCdSHg==",
      "dependencies": {
        "@chevrotain/cst-dts-gen": "10.4.2",
        "@chevrotain/gast": "10.4.2",
        "@chevrotain/types": "10.4.2",
        "@chevrotain/utils": "10.4.2",
        "lodash": "4.17.21",
        "regexp-to-ast": "0.5.0"
      }
    },
    "node_modules/i40xx-asm": {
      "version": "1.0.3",
      "resolved": "https://registry.npmjs.org/i40xx-asm/-/i40xx-asm-1.0.3.tgz",
      "integrity": "sha512-sM4UNVSX+F3c3/0G9r7mYuLKbDV0gzEwEcDR+pUp7KFJdlXTa6IpBhKtQ9DbYm7pfPoRddbphX7nBb/MOVs34A==",
      "dependencies": {
        "chevrotain": "^10.1.1"
      },
      "bin": {
        "i40xx-asm": "src/bin/cli.js"
      }
    },
    "node_modules/i40xx-emu": {
      "version": "1.0.3",
      "resolved": "git+ssh://git@github.com/markablov/i40xx-emu.git#0561593c979a75923058f7c83e29132cbf6c2467",
      "license": "MIT"
    },
    "node_modules/lodash": {
      "version": "4.17.21",
      "resolved": "https://registry.npmjs.org/lodash/-/lodash-4.17.21.tgz",
      "integrity": "sha512-v2kDEe57lecTulaDIuNTPy3Ry4gLGJ6Z1O3vE1krgXZNrsQ+LFTGHVxVjcXPs17LhbZVGedAJv8XZ1tvj5FvSg=="
    },
    "node_modules/regexp-to-ast": {
      "version": "0.5.0",
      "resolved": "https://registry.npmjs.org/regexp-to-ast/-/regexp-to-ast-0.5.0.tgz",
      "integrity": "sha512-tlbJqcMHnPKI9zSrystikWKwHkBqu2a/Sgw01h3zFjvYrMxEDYHzzoMZnUrbIfpTFEsoRnnviOXNCzFiSc54Qw=="
    }
  },
  "dependencies": {
    "@chevrotain/cst-dts-gen": {
      "version": "10.4.2",
      "resolved": "https://registry.npmjs.org/@chevrotain/cst-dts-gen/-/cst-dts-gen-10.4.2.tgz",
      "integrity": "sha512-0+4bNjlndNWMoVLH/+y4uHnf6GrTipsC+YTppJxelVJo+xeRVQ0s2PpkdDCVTsu7efyj+8r1gFiwVXsp6JZ0iQ==",
      "requires": {
        "@chevrotain/gast": "10.4.2",
        "@chevrotain/types": "10.4.2",
        "lodash": "4.17.21"
      }
    },
    "@chevrotain/gast": {
      "version": "10.4.2",
      "resolved": "https://registry.npmjs.org/@chevrotain/gast/-/gast-10.4.2.tgz",
      "integrity": "sha512-4ZAn8/mjkmYonilSJ60gGj1tAF0cVWYUMlIGA0e4ATAc3a648aCnvpBw7zlPHDQjFp50XC13iyWEgWAKiRKTOA==",
      "requires": {
        "@chevrotain/types": "10.4.2",
        "lodash": "4.17.21"
      }
    },
    "@chevrotain/types": {
      "version": "10.4.2",
      "resolved": "https://registry.npmjs.org/@chevrotain/types/-/types-10.4.2.tgz",
      "integrity": "sha512-QzSCjg6G4MvIoLeIgOiMR0IgzkGEQqrNJJIr3T5ETRa7l4Av4AMIiEctV99mvDr57iXwwk0/kr3RJxiU36Nevw=="
    },
    "@chevrotain/utils": {
      "version": "10.4.2",
      "resolved": "https://registry.npmjs.org/@chevrotain/utils/-/utils-10.4.2.tgz",
      "integrity": "sha512-V34dacxWLwKcvcy32dx96ADJVdB7kOJLm7LyBkBQw5u5HC9WdEFw2G17zml+U3ivavGTrGPJHl8o9/UJm0PlUw=="
    },
    "chevrotain": {
      "version": "10.4.2",
      "resolved": "https://registry.npmjs.org/chevrotain/-/chevrotain-10.4.2.tgz",
      "integrity": "sha512-gzF5GxE0Ckti5kZVuKEZycLntB5X2aj9RVY0r4/220GwQjdnljU+/t3kP74/FMWC7IzCDDEjQ9wsFUf0WCdSHg==",
      "requires": {
        "@chevrotain/cst-dts-gen": "10.4.2",
        "@chevrotain/gast": "10.4.2",
        "@chevrotain/types": "10.4.2",
        "@chevrotain/utils": "10.4.2",
        "lodash": "4.17.21",
        "regexp-to-ast": "0.5.0"
      }
    },
    "i40xx-asm": {
      "version": "1.0.3",
      "resolved": "https://registry.npmjs.org/i40xx-asm/-/i40xx-asm-1.0.3.tgz",
      "integrity": "sha512-sM4UNVSX+F3c3/0G9r7mYuLKbDV0gzEwEcDR+pUp7KFJdlXTa6IpBhKtQ9DbYm7pfPoRddbphX7nBb/MOVs34A==",
      "requires": {
        "chevrotain": "^10.1.1"
      }
    },
    "i40xx-emu": {
      "version": "git+ssh://git@github.com/markablov/i40xx-emu.git#0561593c979a75923058f7c83e29132cbf6c2467",
      "from": "i40xx-emu@github:markablov/i40xx-emu"
    },
    "lodash": {
      "version": "4.17.21",
      "resolved": "https://registry.npmjs.org/lodash/-/lodash-4.17.21.tgz",
      "integrity": "sha512-v2kDEe57lecTulaDIuNTPy3Ry4gLGJ6Z1O3vE1krgXZNrsQ+LFTGHVxVjcXPs17LhbZVGedAJv8XZ1tvj5FvSg=="
    },
    "regexp-to-ast": {
      "version": "0.5.0",
      "resolved": "https://registry.npmjs.org/regexp-to-ast/-/regexp-to-ast-0.5.0.tgz",
      "integrity": "sha512-tlbJqcMHnPKI9zSrystikWKwHkBqu2a/Sgw01h3zFjvYrMxEDYHzzoMZnUrbIfpTFEsoRnnviOXNCzFiSc54Qw=="
    }
  }
}
